
Microsoft Visual Studio Solution File, Format Version 12.00
# Visual Studio Version 17
VisualStudioVersion = 17.2.32630.192
MinimumVisualStudioVersion = 10.0.40219.1
Project("{FAE04EC0-301F-11D3-BF4B-00C04F79EFBC}") = "LabWorkSeven", "LabWorkSeven\LabWorkSeven.csproj", "{C6245389-1F2D-40C6-95F9-F25555C12A89}"
EndProject
Project("{FAE04EC0-301F-11D3-BF4B-00C04F79EFBC}") = "ClassLibrary", "ClassLibrary1\ClassLibrary.csproj", "{B476E96B-C43B-4976-888F-E414818F6D9D}"
EndProject
Global
	GlobalSection(SolutionConfigurationPlatforms) = preSolution
		Debug|Any CPU = Debug|Any CPU
		Release|Any CPU = Release|Any CPU
	EndGlobalSection
	GlobalSection(ProjectConfigurationPlatforms) = postSolution
		{C6245389-1F2D-40C6-95F9-F25555C12A89}.Debug|Any CPU.ActiveCfg = Debug|Any CPU
		{C6245389-1F2D-40C6-95F9-F25555C12A89}.Debug|Any CPU.Build.0 = Debug|Any CPU
		{C6245389-1F2D-40C6-95F9-F25555C12A89}.Release|Any CPU.ActiveCfg = Release|Any CPU
		{C6245389-1F2D-40C6-95F9-F25555C12A89}.Release|Any CPU.Build.0 = Release|Any CPU
		{B476E96B-C43B-4976-888F-E414818F6D9D}.Debug|Any CPU.ActiveCfg = Debug|Any CPU
		{B476E96B-C43B-4976-888F-E414818F6D9D}.Debug|Any CPU.Build.0 = Debug|Any CPU
		{B476E96B-C43B-4976-888F-E414818F6D9D}.Release|Any CPU.ActiveCfg = Release|Any CPU
		{B476E96B-C43B-4976-888F-E414818F6D9D}.Release|Any CPU.Build.0 = Release|Any CPU
	EndGlobalSection
	GlobalSection(SolutionProperties) = preSolution
		HideSolutionNode = FALSE
	EndGlobalSection
	GlobalSection(ExtensibilityGlobals) = postSolution
		SolutionGuid = {6223F23D-BB2A-4A2F-980B-93A05D9C7EDC}
	EndGlobalSection
EndGlobal
